
Microsoft Visual Studio Solution File, Format Version 12.00
# Visual Studio Version 16
VisualStudioVersion = 16.0.30204.135
MinimumVisualStudioVersion = 10.0.40219.1
Project("{FAE04EC0-301F-11D3-BF4B-00C04F79EFBC}") = "marraia", "marraia\marraia.csproj", "{EB272BDE-60FE-4A37-A631-49901D4EABD9}"
EndProject
Global
	GlobalSection(SolutionConfigurationPlatforms) = preSolution
		Debug|Any CPU = Debug|Any CPU
		Release|Any CPU = Release|Any CPU
	EndGlobalSection
	GlobalSection(ProjectConfigurationPlatforms) = postSolution
		{EB272BDE-60FE-4A37-A631-49901D4EABD9}.Debug|Any CPU.ActiveCfg = Debug|Any CPU
		{EB272BDE-60FE-4A37-A631-49901D4EABD9}.Debug|Any CPU.Build.0 = Debug|Any CPU
		{EB272BDE-60FE-4A37-A631-49901D4EABD9}.Release|Any CPU.ActiveCfg = Release|Any CPU
		{EB272BDE-60FE-4A37-A631-49901D4EABD9}.Release|Any CPU.Build.0 = Release|Any CPU
	EndGlobalSection
	GlobalSection(SolutionProperties) = preSolution
		HideSolutionNode = FALSE
	EndGlobalSection
	GlobalSection(ExtensibilityGlobals) = postSolution
		SolutionGuid = {679FFD30-C8C6-448E-BD0A-5B2A0AA1EC69}
	EndGlobalSection
EndGlobal
